# THIS IS AN AUTOGENERATED FILE. DO NOT EDIT THIS FILE DIRECTLY.
# yarn lockfile v1


bootswatch@^5.2.3:
  version "5.2.3"
  resolved "https://registry.yarnpkg.com/bootswatch/-/bootswatch-5.2.3.tgz#a12bef6ea1a54f1b5b55b472c11a846d1cb77239"
  integrity sha512-tvnW15WoOY2sEp1uT1ITDQiJy2TekQa+K+Q28WDXibleIxsY0nAoC9IylbnUPD7Q5vkCIclOuBHLVBblJYYPSA==
